
Microsoft Visual Studio Solution File, Format Version 12.00
# Visual Studio Version 17
VisualStudioVersion = 17.5.002.0
MinimumVisualStudioVersion = 10.0.40219.1
Project("{2150E333-8FDC-42A3-9474-1A3956D46DE8}") = "backend", "backend", "{42AD45E1-E0B1-4106-BEE8-FE9A1AD8CD23}"
EndProject
Project("{9A19103F-16F7-4668-BE54-9A1E7A4F7556}") = "DeskFinderApi", "backend\DeskFinderApi\DeskFinderApi.csproj", "{A1AE2AE8-F7EF-47AF-B0B9-1C41941535FF}"
EndProject
Global
	GlobalSection(SolutionConfigurationPlatforms) = preSolution
		Debug|Any CPU = Debug|Any CPU
		Release|Any CPU = Release|Any CPU
	EndGlobalSection
	GlobalSection(ProjectConfigurationPlatforms) = postSolution
		{A1AE2AE8-F7EF-47AF-B0B9-1C41941535FF}.Debug|Any CPU.ActiveCfg = Debug|Any CPU
		{A1AE2AE8-F7EF-47AF-B0B9-1C41941535FF}.Debug|Any CPU.Build.0 = Debug|Any CPU
		{A1AE2AE8-F7EF-47AF-B0B9-1C41941535FF}.Release|Any CPU.ActiveCfg = Release|Any CPU
		{A1AE2AE8-F7EF-47AF-B0B9-1C41941535FF}.Release|Any CPU.Build.0 = Release|Any CPU
	EndGlobalSection
	GlobalSection(SolutionProperties) = preSolution
		HideSolutionNode = FALSE
	EndGlobalSection
	GlobalSection(NestedProjects) = preSolution
		{A1AE2AE8-F7EF-47AF-B0B9-1C41941535FF} = {42AD45E1-E0B1-4106-BEE8-FE9A1AD8CD23}
	EndGlobalSection
	GlobalSection(ExtensibilityGlobals) = postSolution
		SolutionGuid = {D5CB59FD-92CA-44E1-A66F-A647B97A690E}
	EndGlobalSection
EndGlobal
